
Microsoft Visual Studio Solution File, Format Version 12.00
# Visual Studio 15
VisualStudioVersion = 15.0.26124.0
MinimumVisualStudioVersion = 15.0.26124.0
Project("{FAE04EC0-301F-11D3-BF4B-00C04F79EFBC}") = "API", "API\API.csproj", "{88DB6341-1524-456F-B304-2E9C101A39EE}"
EndProject
Project("{FAE04EC0-301F-11D3-BF4B-00C04F79EFBC}") = "Core", "Core\Core.csproj", "{D4EEB4DC-7754-4EB4-8F0F-BB561091D9EB}"
EndProject
Project("{FAE04EC0-301F-11D3-BF4B-00C04F79EFBC}") = "Infrastructure", "Infrastructure\Infrastructure.csproj", "{CE70CF6A-AAEA-427D-9FAB-6602F53B3765}"
EndProject
Global
	GlobalSection(SolutionConfigurationPlatforms) = preSolution
		Debug|Any CPU = Debug|Any CPU
		Debug|x64 = Debug|x64
		Debug|x86 = Debug|x86
		Release|Any CPU = Release|Any CPU
		Release|x64 = Release|x64
		Release|x86 = Release|x86
	EndGlobalSection
	GlobalSection(SolutionProperties) = preSolution
		HideSolutionNode = FALSE
	EndGlobalSection
	GlobalSection(ProjectConfigurationPlatforms) = postSolution
		{88DB6341-1524-456F-B304-2E9C101A39EE}.Debug|Any CPU.ActiveCfg = Debug|Any CPU
		{88DB6341-1524-456F-B304-2E9C101A39EE}.Debug|Any CPU.Build.0 = Debug|Any CPU
		{88DB6341-1524-456F-B304-2E9C101A39EE}.Debug|x64.ActiveCfg = Debug|Any CPU
		{88DB6341-1524-456F-B304-2E9C101A39EE}.Debug|x64.Build.0 = Debug|Any CPU
		{88DB6341-1524-456F-B304-2E9C101A39EE}.Debug|x86.ActiveCfg = Debug|Any CPU
		{88DB6341-1524-456F-B304-2E9C101A39EE}.Debug|x86.Build.0 = Debug|Any CPU
		{88DB6341-1524-456F-B304-2E9C101A39EE}.Release|Any CPU.ActiveCfg = Release|Any CPU
		{88DB6341-1524-456F-B304-2E9C101A39EE}.Release|Any CPU.Build.0 = Release|Any CPU
		{88DB6341-1524-456F-B304-2E9C101A39EE}.Release|x64.ActiveCfg = Release|Any CPU
		{88DB6341-1524-456F-B304-2E9C101A39EE}.Release|x64.Build.0 = Release|Any CPU
		{88DB6341-1524-456F-B304-2E9C101A39EE}.Release|x86.ActiveCfg = Release|Any CPU
		{88DB6341-1524-456F-B304-2E9C101A39EE}.Release|x86.Build.0 = Release|Any CPU
		{D4EEB4DC-7754-4EB4-8F0F-BB561091D9EB}.Debug|Any CPU.ActiveCfg = Debug|Any CPU
		{D4EEB4DC-7754-4EB4-8F0F-BB561091D9EB}.Debug|Any CPU.Build.0 = Debug|Any CPU
		{D4EEB4DC-7754-4EB4-8F0F-BB561091D9EB}.Debug|x64.ActiveCfg = Debug|Any CPU
		{D4EEB4DC-7754-4EB4-8F0F-BB561091D9EB}.Debug|x64.Build.0 = Debug|Any CPU
		{D4EEB4DC-7754-4EB4-8F0F-BB561091D9EB}.Debug|x86.ActiveCfg = Debug|Any CPU
		{D4EEB4DC-7754-4EB4-8F0F-BB561091D9EB}.Debug|x86.Build.0 = Debug|Any CPU
		{D4EEB4DC-7754-4EB4-8F0F-BB561091D9EB}.Release|Any CPU.ActiveCfg = Release|Any CPU
		{D4EEB4DC-7754-4EB4-8F0F-BB561091D9EB}.Release|Any CPU.Build.0 = Release|Any CPU
		{D4EEB4DC-7754-4EB4-8F0F-BB561091D9EB}.Release|x64.ActiveCfg = Release|Any CPU
		{D4EEB4DC-7754-4EB4-8F0F-BB561091D9EB}.Release|x64.Build.0 = Release|Any CPU
		{D4EEB4DC-7754-4EB4-8F0F-BB561091D9EB}.Release|x86.ActiveCfg = Release|Any CPU
		{D4EEB4DC-7754-4EB4-8F0F-BB561091D9EB}.Release|x86.Build.0 = Release|Any CPU
		{CE70CF6A-AAEA-427D-9FAB-6602F53B3765}.Debug|Any CPU.ActiveCfg = Debug|Any CPU
		{CE70CF6A-AAEA-427D-9FAB-6602F53B3765}.Debug|Any CPU.Build.0 = Debug|Any CPU
		{CE70CF6A-AAEA-427D-9FAB-6602F53B3765}.Debug|x64.ActiveCfg = Debug|Any CPU
		{CE70CF6A-AAEA-427D-9FAB-6602F53B3765}.Debug|x64.Build.0 = Debug|Any CPU
		{CE70CF6A-AAEA-427D-9FAB-6602F53B3765}.Debug|x86.ActiveCfg = Debug|Any CPU
		{CE70CF6A-AAEA-427D-9FAB-6602F53B3765}.Debug|x86.Build.0 = Debug|Any CPU
		{CE70CF6A-AAEA-427D-9FAB-6602F53B3765}.Release|Any CPU.ActiveCfg = Release|Any CPU
		{CE70CF6A-AAEA-427D-9FAB-6602F53B3765}.Release|Any CPU.Build.0 = Release|Any CPU
		{CE70CF6A-AAEA-427D-9FAB-6602F53B3765}.Release|x64.ActiveCfg = Release|Any CPU
		{CE70CF6A-AAEA-427D-9FAB-6602F53B3765}.Release|x64.Build.0 = Release|Any CPU
		{CE70CF6A-AAEA-427D-9FAB-6602F53B3765}.Release|x86.ActiveCfg = Release|Any CPU
		{CE70CF6A-AAEA-427D-9FAB-6602F53B3765}.Release|x86.Build.0 = Release|Any CPU
	EndGlobalSection
EndGlobal
